
Microsoft Visual Studio Solution File, Format Version 12.00
Project("{2150E333-8FDC-42A3-9474-1A3956D46DE8}") = "src", "src", "{827E0CD3-B72D-47B6-A68D-7590B98EB39B}"
EndProject
Project("{FAE04EC0-301F-11D3-BF4B-00C04F79EFBC}") = "ServiceTemplate.Web", "src\ServiceTemplate.Web\ServiceTemplate.Web.csproj", "{5CB1908C-5675-4DBB-97F9-F5439381E2AF}"
EndProject
Project("{FAE04EC0-301F-11D3-BF4B-00C04F79EFBC}") = "ServiceTemplate.Application", "src\ServiceTemplate.Application\ServiceTemplate.Application.csproj", "{5C943ACE-6D41-470E-81C6-4F8AC4135296}"
EndProject
Project("{FAE04EC0-301F-11D3-BF4B-00C04F79EFBC}") = "ServiceTemplate.Domain", "src\ServiceTemplate.Domain\ServiceTemplate.Domain.csproj", "{4513DC2A-5D4F-4272-8D30-354BBE09C172}"
EndProject
Project("{FAE04EC0-301F-11D3-BF4B-00C04F79EFBC}") = "ServiceTemplate.Infrastructure", "src\ServiceTemplate.Infrastructure\ServiceTemplate.Infrastructure.csproj", "{4FF9A136-311B-493B-BA3D-A9E20B801F4F}"
EndProject
Project("{2150E333-8FDC-42A3-9474-1A3956D46DE8}") = "tests", "tests", "{0AB3BF05-4346-4AA6-1389-037BE0695223}"
EndProject
Project("{FAE04EC0-301F-11D3-BF4B-00C04F79EFBC}") = "ServiceTemplate.Tests", "tests\ServiceTemplate.Tests\ServiceTemplate.Tests.csproj", "{537425C2-AD0D-4127-956A-9530CA0EB89C}"
EndProject
Global
	GlobalSection(SolutionConfigurationPlatforms) = preSolution
		Debug|Any CPU = Debug|Any CPU
		Debug|x64 = Debug|x64
		Debug|x86 = Debug|x86
		Release|Any CPU = Release|Any CPU
		Release|x64 = Release|x64
		Release|x86 = Release|x86
	EndGlobalSection
	GlobalSection(ProjectConfigurationPlatforms) = postSolution
		{5CB1908C-5675-4DBB-97F9-F5439381E2AF}.Debug|Any CPU.ActiveCfg = Debug|Any CPU
		{5CB1908C-5675-4DBB-97F9-F5439381E2AF}.Debug|Any CPU.Build.0 = Debug|Any CPU
		{5CB1908C-5675-4DBB-97F9-F5439381E2AF}.Debug|x64.ActiveCfg = Debug|Any CPU
		{5CB1908C-5675-4DBB-97F9-F5439381E2AF}.Debug|x64.Build.0 = Debug|Any CPU
		{5CB1908C-5675-4DBB-97F9-F5439381E2AF}.Debug|x86.ActiveCfg = Debug|Any CPU
		{5CB1908C-5675-4DBB-97F9-F5439381E2AF}.Debug|x86.Build.0 = Debug|Any CPU
		{5CB1908C-5675-4DBB-97F9-F5439381E2AF}.Release|Any CPU.ActiveCfg = Release|Any CPU
		{5CB1908C-5675-4DBB-97F9-F5439381E2AF}.Release|Any CPU.Build.0 = Release|Any CPU
		{5CB1908C-5675-4DBB-97F9-F5439381E2AF}.Release|x64.ActiveCfg = Release|Any CPU
		{5CB1908C-5675-4DBB-97F9-F5439381E2AF}.Release|x64.Build.0 = Release|Any CPU
		{5CB1908C-5675-4DBB-97F9-F5439381E2AF}.Release|x86.ActiveCfg = Release|Any CPU
		{5CB1908C-5675-4DBB-97F9-F5439381E2AF}.Release|x86.Build.0 = Release|Any CPU
		{5C943ACE-6D41-470E-81C6-4F8AC4135296}.Debug|Any CPU.ActiveCfg = Debug|Any CPU
		{5C943ACE-6D41-470E-81C6-4F8AC4135296}.Debug|Any CPU.Build.0 = Debug|Any CPU
		{5C943ACE-6D41-470E-81C6-4F8AC4135296}.Debug|x64.ActiveCfg = Debug|Any CPU
		{5C943ACE-6D41-470E-81C6-4F8AC4135296}.Debug|x64.Build.0 = Debug|Any CPU
		{5C943ACE-6D41-470E-81C6-4F8AC4135296}.Debug|x86.ActiveCfg = Debug|Any CPU
		{5C943ACE-6D41-470E-81C6-4F8AC4135296}.Debug|x86.Build.0 = Debug|Any CPU
		{5C943ACE-6D41-470E-81C6-4F8AC4135296}.Release|Any CPU.ActiveCfg = Release|Any CPU
		{5C943ACE-6D41-470E-81C6-4F8AC4135296}.Release|Any CPU.Build.0 = Release|Any CPU
		{5C943ACE-6D41-470E-81C6-4F8AC4135296}.Release|x64.ActiveCfg = Release|Any CPU
		{5C943ACE-6D41-470E-81C6-4F8AC4135296}.Release|x64.Build.0 = Release|Any CPU
		{5C943ACE-6D41-470E-81C6-4F8AC4135296}.Release|x86.ActiveCfg = Release|Any CPU
		{5C943ACE-6D41-470E-81C6-4F8AC4135296}.Release|x86.Build.0 = Release|Any CPU
		{4513DC2A-5D4F-4272-8D30-354BBE09C172}.Debug|Any CPU.ActiveCfg = Debug|Any CPU
		{4513DC2A-5D4F-4272-8D30-354BBE09C172}.Debug|Any CPU.Build.0 = Debug|Any CPU
		{4513DC2A-5D4F-4272-8D30-354BBE09C172}.Debug|x64.ActiveCfg = Debug|Any CPU
		{4513DC2A-5D4F-4272-8D30-354BBE09C172}.Debug|x64.Build.0 = Debug|Any CPU
		{4513DC2A-5D4F-4272-8D30-354BBE09C172}.Debug|x86.ActiveCfg = Debug|Any CPU
		{4513DC2A-5D4F-4272-8D30-354BBE09C172}.Debug|x86.Build.0 = Debug|Any CPU
		{4513DC2A-5D4F-4272-8D30-354BBE09C172}.Release|Any CPU.ActiveCfg = Release|Any CPU
		{4513DC2A-5D4F-4272-8D30-354BBE09C172}.Release|Any CPU.Build.0 = Release|Any CPU
		{4513DC2A-5D4F-4272-8D30-354BBE09C172}.Release|x64.ActiveCfg = Release|Any CPU
		{4513DC2A-5D4F-4272-8D30-354BBE09C172}.Release|x64.Build.0 = Release|Any CPU
		{4513DC2A-5D4F-4272-8D30-354BBE09C172}.Release|x86.ActiveCfg = Release|Any CPU
		{4513DC2A-5D4F-4272-8D30-354BBE09C172}.Release|x86.Build.0 = Release|Any CPU
		{4FF9A136-311B-493B-BA3D-A9E20B801F4F}.Debug|Any CPU.ActiveCfg = Debug|Any CPU
		{4FF9A136-311B-493B-BA3D-A9E20B801F4F}.Debug|Any CPU.Build.0 = Debug|Any CPU
		{4FF9A136-311B-493B-BA3D-A9E20B801F4F}.Debug|x64.ActiveCfg = Debug|Any CPU
		{4FF9A136-311B-493B-BA3D-A9E20B801F4F}.Debug|x64.Build.0 = Debug|Any CPU
		{4FF9A136-311B-493B-BA3D-A9E20B801F4F}.Debug|x86.ActiveCfg = Debug|Any CPU
		{4FF9A136-311B-493B-BA3D-A9E20B801F4F}.Debug|x86.Build.0 = Debug|Any CPU
		{4FF9A136-311B-493B-BA3D-A9E20B801F4F}.Release|Any CPU.ActiveCfg = Release|Any CPU
		{4FF9A136-311B-493B-BA3D-A9E20B801F4F}.Release|Any CPU.Build.0 = Release|Any CPU
		{4FF9A136-311B-493B-BA3D-A9E20B801F4F}.Release|x64.ActiveCfg = Release|Any CPU
		{4FF9A136-311B-493B-BA3D-A9E20B801F4F}.Release|x64.Build.0 = Release|Any CPU
		{4FF9A136-311B-493B-BA3D-A9E20B801F4F}.Release|x86.ActiveCfg = Release|Any CPU
		{4FF9A136-311B-493B-BA3D-A9E20B801F4F}.Release|x86.Build.0 = Release|Any CPU
		{537425C2-AD0D-4127-956A-9530CA0EB89C}.Debug|Any CPU.ActiveCfg = Debug|Any CPU
		{537425C2-AD0D-4127-956A-9530CA0EB89C}.Debug|Any CPU.Build.0 = Debug|Any CPU
		{537425C2-AD0D-4127-956A-9530CA0EB89C}.Debug|x64.ActiveCfg = Debug|Any CPU
		{537425C2-AD0D-4127-956A-9530CA0EB89C}.Debug|x64.Build.0 = Debug|Any CPU
		{537425C2-AD0D-4127-956A-9530CA0EB89C}.Debug|x86.ActiveCfg = Debug|Any CPU
		{537425C2-AD0D-4127-956A-9530CA0EB89C}.Debug|x86.Build.0 = Debug|Any CPU
		{537425C2-AD0D-4127-956A-9530CA0EB89C}.Release|Any CPU.ActiveCfg = Release|Any CPU
		{537425C2-AD0D-4127-956A-9530CA0EB89C}.Release|Any CPU.Build.0 = Release|Any CPU
		{537425C2-AD0D-4127-956A-9530CA0EB89C}.Release|x64.ActiveCfg = Release|Any CPU
		{537425C2-AD0D-4127-956A-9530CA0EB89C}.Release|x64.Build.0 = Release|Any CPU
		{537425C2-AD0D-4127-956A-9530CA0EB89C}.Release|x86.ActiveCfg = Release|Any CPU
		{537425C2-AD0D-4127-956A-9530CA0EB89C}.Release|x86.Build.0 = Release|Any CPU
	EndGlobalSection
	GlobalSection(SolutionProperties) = preSolution
		HideSolutionNode = FALSE
	EndGlobalSection
	GlobalSection(NestedProjects) = preSolution
		{5CB1908C-5675-4DBB-97F9-F5439381E2AF} = {827E0CD3-B72D-47B6-A68D-7590B98EB39B}
		{5C943ACE-6D41-470E-81C6-4F8AC4135296} = {827E0CD3-B72D-47B6-A68D-7590B98EB39B}
		{4513DC2A-5D4F-4272-8D30-354BBE09C172} = {827E0CD3-B72D-47B6-A68D-7590B98EB39B}
		{4FF9A136-311B-493B-BA3D-A9E20B801F4F} = {827E0CD3-B72D-47B6-A68D-7590B98EB39B}
		{537425C2-AD0D-4127-956A-9530CA0EB89C} = {0AB3BF05-4346-4AA6-1389-037BE0695223}
	EndGlobalSection
EndGlobal
